
Microsoft Visual Studio Solution File, Format Version 12.00
# Visual Studio 15
Project("{FAE04EC0-301F-11D3-BF4B-00C04F79EFBC}") = "Dictionary", "Dictionary.csproj", "{495C1F13-74A4-403B-915B-EDF4D5F7B937}"
EndProject
Global
	GlobalSection(SolutionConfigurationPlatforms) = preSolution
		Debug|Any CPU = Debug|Any CPU
		Release|Any CPU = Release|Any CPU
	EndGlobalSection
	GlobalSection(ProjectConfigurationPlatforms) = postSolution
		{495C1F13-74A4-403B-915B-EDF4D5F7B937}.Debug|Any CPU.ActiveCfg = Debug|Any CPU
		{495C1F13-74A4-403B-915B-EDF4D5F7B937}.Debug|Any CPU.Build.0 = Debug|Any CPU
		{495C1F13-74A4-403B-915B-EDF4D5F7B937}.Release|Any CPU.ActiveCfg = Release|Any CPU
		{495C1F13-74A4-403B-915B-EDF4D5F7B937}.Release|Any CPU.Build.0 = Release|Any CPU
	EndGlobalSection
EndGlobal
